{
    "version": 3,
    "terraform_version": "0.11.11",
    "serial": 5,
    "lineage": "ac0ef3d7-b2a9-0b48-b4e5-dd9e2d3a7c38",
    "modules": [
        {
            "path": [
                "root"
            ],
            "outputs": {},
            "resources": {
                "aws_iam_role.k8s-analytics-prod_role": {
                    "type": "aws_iam_role",
                    "depends_on": [],
                    "primary": {
                        "id": "k8s-analytics-prod_role",
                        "attributes": {
                            "arn": "arn:aws:iam::856721882819:role/k8s-analytics-prod_role",
                            "assume_role_policy": "{\"Version\":\"2012-10-17\",\"Statement\":[{\"Sid\":\"\",\"Effect\":\"Allow\",\"Principal\":{\"Service\":\"firehose.amazonaws.com\"},\"Action\":\"sts:AssumeRole\"}]}",
                            "create_date": "2019-02-07T19:47:01Z",
                            "description": "",
                            "force_detach_policies": "false",
                            "id": "k8s-analytics-prod_role",
                            "max_session_duration": "3600",
                            "name": "k8s-analytics-prod_role",
                            "path": "/",
                            "tags.%": "0",
                            "unique_id": "AROAIQFBQ3S5PSDG2J6AI"
                        },
                        "meta": {},
                        "tainted": false
                    },
                    "deposed": [],
                    "provider": "provider.aws"
                }
            },
            "depends_on": []
        }
    ]
}
